
Microsoft Visual Studio Solution File, Format Version 12.00
# Visual Studio 2013
VisualStudioVersion = 12.0.31101.0
MinimumVisualStudioVersion = 10.0.40219.1
Project("{FAE04EC0-301F-11D3-BF4B-00C04F79EFBC}") = "MVC.Web", "MVC.Web\MVC.Web.csproj", "{70B8482D-A1F1-4410-94A7-032AF6123578}"
EndProject
Project("{FAE04EC0-301F-11D3-BF4B-00C04F79EFBC}") = "MVC.Model", "MVC.Model\MVC.Model.csproj", "{F45C078C-7DDE-44C1-AC29-1EECE3D0D7B2}"
EndProject
Project("{FAE04EC0-301F-11D3-BF4B-00C04F79EFBC}") = "MVC.Data", "MVC.Data\MVC.Data.csproj", "{EC779272-CFD7-45D4-BE0E-766FE24C20B8}"
EndProject
Project("{FAE04EC0-301F-11D3-BF4B-00C04F79EFBC}") = "MVC.Services", "MVC.Services\MVC.Services.csproj", "{35152077-8C41-442C-BDB7-627D359A042E}"
EndProject
Global
	GlobalSection(SolutionConfigurationPlatforms) = preSolution
		Debug|Any CPU = Debug|Any CPU
		Release|Any CPU = Release|Any CPU
	EndGlobalSection
	GlobalSection(ProjectConfigurationPlatforms) = postSolution
		{70B8482D-A1F1-4410-94A7-032AF6123578}.Debug|Any CPU.ActiveCfg = Debug|Any CPU
		{70B8482D-A1F1-4410-94A7-032AF6123578}.Debug|Any CPU.Build.0 = Debug|Any CPU
		{70B8482D-A1F1-4410-94A7-032AF6123578}.Release|Any CPU.ActiveCfg = Release|Any CPU
		{70B8482D-A1F1-4410-94A7-032AF6123578}.Release|Any CPU.Build.0 = Release|Any CPU
		{F45C078C-7DDE-44C1-AC29-1EECE3D0D7B2}.Debug|Any CPU.ActiveCfg = Debug|Any CPU
		{F45C078C-7DDE-44C1-AC29-1EECE3D0D7B2}.Debug|Any CPU.Build.0 = Debug|Any CPU
		{F45C078C-7DDE-44C1-AC29-1EECE3D0D7B2}.Release|Any CPU.ActiveCfg = Release|Any CPU
		{F45C078C-7DDE-44C1-AC29-1EECE3D0D7B2}.Release|Any CPU.Build.0 = Release|Any CPU
		{EC779272-CFD7-45D4-BE0E-766FE24C20B8}.Debug|Any CPU.ActiveCfg = Debug|Any CPU
		{EC779272-CFD7-45D4-BE0E-766FE24C20B8}.Debug|Any CPU.Build.0 = Debug|Any CPU
		{EC779272-CFD7-45D4-BE0E-766FE24C20B8}.Release|Any CPU.ActiveCfg = Release|Any CPU
		{EC779272-CFD7-45D4-BE0E-766FE24C20B8}.Release|Any CPU.Build.0 = Release|Any CPU
		{35152077-8C41-442C-BDB7-627D359A042E}.Debug|Any CPU.ActiveCfg = Debug|Any CPU
		{35152077-8C41-442C-BDB7-627D359A042E}.Debug|Any CPU.Build.0 = Debug|Any CPU
		{35152077-8C41-442C-BDB7-627D359A042E}.Release|Any CPU.ActiveCfg = Release|Any CPU
		{35152077-8C41-442C-BDB7-627D359A042E}.Release|Any CPU.Build.0 = Release|Any CPU
	EndGlobalSection
	GlobalSection(SolutionProperties) = preSolution
		HideSolutionNode = FALSE
	EndGlobalSection
EndGlobal
